
Microsoft Visual Studio Solution File, Format Version 12.00
# Visual Studio Version 17
VisualStudioVersion = 17.2.32616.157
MinimumVisualStudioVersion = 10.0.40219.1
Project("{9A19103F-16F7-4668-BE54-9A1E7A4F7556}") = "002-WebApiAutores", "002-WebApiAutores\002-WebApiAutores.csproj", "{CE573EA2-E25E-4C8A-8EB0-4E373CFCA59E}"
EndProject
Project("{9A19103F-16F7-4668-BE54-9A1E7A4F7556}") = "ImSuperSir.BankingServices.Common", "..\ImSuperSir.Security.Indentity\ImSuperSir.BankingServices.Common\ImSuperSir.BankingServices.Common.csproj", "{EDBC3E17-81F7-4579-BEAF-79A9E3F728FD}"
EndProject
Project("{FAE04EC0-301F-11D3-BF4B-00C04F79EFBC}") = "002-WebApiAutores.Test", "002-WebApiAutores.Test\002-WebApiAutores.Test.csproj", "{47F73AF1-851E-4894-B7D5-1C6E15C1CC16}"
EndProject
Global
	GlobalSection(SolutionConfigurationPlatforms) = preSolution
		Debug|Any CPU = Debug|Any CPU
		Release|Any CPU = Release|Any CPU
	EndGlobalSection
	GlobalSection(ProjectConfigurationPlatforms) = postSolution
		{CE573EA2-E25E-4C8A-8EB0-4E373CFCA59E}.Debug|Any CPU.ActiveCfg = Debug|Any CPU
		{CE573EA2-E25E-4C8A-8EB0-4E373CFCA59E}.Debug|Any CPU.Build.0 = Debug|Any CPU
		{CE573EA2-E25E-4C8A-8EB0-4E373CFCA59E}.Release|Any CPU.ActiveCfg = Release|Any CPU
		{CE573EA2-E25E-4C8A-8EB0-4E373CFCA59E}.Release|Any CPU.Build.0 = Release|Any CPU
		{EDBC3E17-81F7-4579-BEAF-79A9E3F728FD}.Debug|Any CPU.ActiveCfg = Debug|Any CPU
		{EDBC3E17-81F7-4579-BEAF-79A9E3F728FD}.Debug|Any CPU.Build.0 = Debug|Any CPU
		{EDBC3E17-81F7-4579-BEAF-79A9E3F728FD}.Release|Any CPU.ActiveCfg = Release|Any CPU
		{EDBC3E17-81F7-4579-BEAF-79A9E3F728FD}.Release|Any CPU.Build.0 = Release|Any CPU
		{47F73AF1-851E-4894-B7D5-1C6E15C1CC16}.Debug|Any CPU.ActiveCfg = Debug|Any CPU
		{47F73AF1-851E-4894-B7D5-1C6E15C1CC16}.Debug|Any CPU.Build.0 = Debug|Any CPU
		{47F73AF1-851E-4894-B7D5-1C6E15C1CC16}.Release|Any CPU.ActiveCfg = Release|Any CPU
		{47F73AF1-851E-4894-B7D5-1C6E15C1CC16}.Release|Any CPU.Build.0 = Release|Any CPU
	EndGlobalSection
	GlobalSection(SolutionProperties) = preSolution
		HideSolutionNode = FALSE
	EndGlobalSection
	GlobalSection(ExtensibilityGlobals) = postSolution
		SolutionGuid = {AC9DD462-F4A3-40DD-B4AA-733C040CDEE1}
	EndGlobalSection
EndGlobal
